
Microsoft Visual Studio Solution File, Format Version 12.00
# Visual Studio Version 17
VisualStudioVersion = 17.0.31903.59
MinimumVisualStudioVersion = 10.0.40219.1
Project("{2150E333-8FDC-42A3-9474-1A3956D46DE8}") = "src", "src", "{3C69B188-243F-4D4A-929C-3B9EEB891397}"
EndProject
Project("{FAE04EC0-301F-11D3-BF4B-00C04F79EFBC}") = "SuperSalsaNOW.Core", "src\SuperSalsaNOW.Core\SuperSalsaNOW.Core.csproj", "{8E9B7771-A955-45E2-9083-65280F472E05}"
EndProject
Project("{FAE04EC0-301F-11D3-BF4B-00C04F79EFBC}") = "SuperSalsaNOW.Windows", "src\SuperSalsaNOW.Windows\SuperSalsaNOW.Windows.csproj", "{D3953CEA-0962-44E7-B041-460ADBDF58CE}"
EndProject
Project("{FAE04EC0-301F-11D3-BF4B-00C04F79EFBC}") = "SuperSalsaNOW.Cli", "src\SuperSalsaNOW.Cli\SuperSalsaNOW.Cli.csproj", "{AEADB7DA-8275-4807-97EA-4D5C4C1388EF}"
EndProject
Project("{2150E333-8FDC-42A3-9474-1A3956D46DE8}") = "tests", "tests", "{BB655F09-B0DC-4153-97EF-F8A6B4E5EFA3}"
EndProject
Project("{FAE04EC0-301F-11D3-BF4B-00C04F79EFBC}") = "SuperSalsaNOW.Core.Tests", "tests\SuperSalsaNOW.Core.Tests\SuperSalsaNOW.Core.Tests.csproj", "{92F54E66-5684-45C9-AC5E-545947402C0D}"
EndProject
Global
	GlobalSection(SolutionConfigurationPlatforms) = preSolution
		Debug|Any CPU = Debug|Any CPU
		Release|Any CPU = Release|Any CPU
	EndGlobalSection
	GlobalSection(SolutionProperties) = preSolution
		HideSolutionNode = FALSE
	EndGlobalSection
	GlobalSection(ProjectConfigurationPlatforms) = postSolution
		{8E9B7771-A955-45E2-9083-65280F472E05}.Debug|Any CPU.ActiveCfg = Debug|Any CPU
		{8E9B7771-A955-45E2-9083-65280F472E05}.Debug|Any CPU.Build.0 = Debug|Any CPU
		{8E9B7771-A955-45E2-9083-65280F472E05}.Release|Any CPU.ActiveCfg = Release|Any CPU
		{8E9B7771-A955-45E2-9083-65280F472E05}.Release|Any CPU.Build.0 = Release|Any CPU
		{D3953CEA-0962-44E7-B041-460ADBDF58CE}.Debug|Any CPU.ActiveCfg = Debug|Any CPU
		{D3953CEA-0962-44E7-B041-460ADBDF58CE}.Debug|Any CPU.Build.0 = Debug|Any CPU
		{D3953CEA-0962-44E7-B041-460ADBDF58CE}.Release|Any CPU.ActiveCfg = Release|Any CPU
		{D3953CEA-0962-44E7-B041-460ADBDF58CE}.Release|Any CPU.Build.0 = Release|Any CPU
		{AEADB7DA-8275-4807-97EA-4D5C4C1388EF}.Debug|Any CPU.ActiveCfg = Debug|Any CPU
		{AEADB7DA-8275-4807-97EA-4D5C4C1388EF}.Debug|Any CPU.Build.0 = Debug|Any CPU
		{AEADB7DA-8275-4807-97EA-4D5C4C1388EF}.Release|Any CPU.ActiveCfg = Release|Any CPU
		{AEADB7DA-8275-4807-97EA-4D5C4C1388EF}.Release|Any CPU.Build.0 = Release|Any CPU
		{92F54E66-5684-45C9-AC5E-545947402C0D}.Debug|Any CPU.ActiveCfg = Debug|Any CPU
		{92F54E66-5684-45C9-AC5E-545947402C0D}.Debug|Any CPU.Build.0 = Debug|Any CPU
		{92F54E66-5684-45C9-AC5E-545947402C0D}.Release|Any CPU.ActiveCfg = Release|Any CPU
		{92F54E66-5684-45C9-AC5E-545947402C0D}.Release|Any CPU.Build.0 = Release|Any CPU
	EndGlobalSection
	GlobalSection(NestedProjects) = preSolution
		{8E9B7771-A955-45E2-9083-65280F472E05} = {3C69B188-243F-4D4A-929C-3B9EEB891397}
		{D3953CEA-0962-44E7-B041-460ADBDF58CE} = {3C69B188-243F-4D4A-929C-3B9EEB891397}
		{AEADB7DA-8275-4807-97EA-4D5C4C1388EF} = {3C69B188-243F-4D4A-929C-3B9EEB891397}
		{92F54E66-5684-45C9-AC5E-545947402C0D} = {BB655F09-B0DC-4153-97EF-F8A6B4E5EFA3}
	EndGlobalSection
EndGlobal
